
Microsoft Visual Studio Solution File, Format Version 12.00
# Visual Studio Version 17
VisualStudioVersion = 17.8.34525.116
MinimumVisualStudioVersion = 10.0.40219.1
Project("{FAE04EC0-301F-11D3-BF4B-00C04F79EFBC}") = "DoWhileAndFor", "DoWhileAndFor\DoWhileAndFor.csproj", "{ECD10437-9D12-4738-8EA1-C8565A660B4E}"
EndProject
Global
	GlobalSection(SolutionConfigurationPlatforms) = preSolution
		Debug|Any CPU = Debug|Any CPU
		Release|Any CPU = Release|Any CPU
	EndGlobalSection
	GlobalSection(ProjectConfigurationPlatforms) = postSolution
		{ECD10437-9D12-4738-8EA1-C8565A660B4E}.Debug|Any CPU.ActiveCfg = Debug|Any CPU
		{ECD10437-9D12-4738-8EA1-C8565A660B4E}.Debug|Any CPU.Build.0 = Debug|Any CPU
		{ECD10437-9D12-4738-8EA1-C8565A660B4E}.Release|Any CPU.ActiveCfg = Release|Any CPU
		{ECD10437-9D12-4738-8EA1-C8565A660B4E}.Release|Any CPU.Build.0 = Release|Any CPU
	EndGlobalSection
	GlobalSection(SolutionProperties) = preSolution
		HideSolutionNode = FALSE
	EndGlobalSection
	GlobalSection(ExtensibilityGlobals) = postSolution
		SolutionGuid = {6FACA841-E6E0-41E7-986C-4A4D476B3047}
	EndGlobalSection
EndGlobal
